
Microsoft Visual Studio Solution File, Format Version 12.00
# Visual Studio 14
VisualStudioVersion = 14.0.23107.0
MinimumVisualStudioVersion = 10.0.40219.1
Project("{FAE04EC0-301F-11D3-BF4B-00C04F79EFBC}") = "spotstop", "spotstop\spotstop.csproj", "{D4A9436A-8CD2-4729-85A9-8FED400D032B}"
EndProject
Global
	GlobalSection(SolutionConfigurationPlatforms) = preSolution
		Debug|Any CPU = Debug|Any CPU
		Release|Any CPU = Release|Any CPU
	EndGlobalSection
	GlobalSection(ProjectConfigurationPlatforms) = postSolution
		{D4A9436A-8CD2-4729-85A9-8FED400D032B}.Debug|Any CPU.ActiveCfg = Debug|Any CPU
		{D4A9436A-8CD2-4729-85A9-8FED400D032B}.Debug|Any CPU.Build.0 = Debug|Any CPU
		{D4A9436A-8CD2-4729-85A9-8FED400D032B}.Release|Any CPU.ActiveCfg = Release|Any CPU
		{D4A9436A-8CD2-4729-85A9-8FED400D032B}.Release|Any CPU.Build.0 = Release|Any CPU
	EndGlobalSection
	GlobalSection(SolutionProperties) = preSolution
		HideSolutionNode = FALSE
	EndGlobalSection
EndGlobal
